// !$*UTF8*$!
{
	archiveVersion = 1;
	classes = {
	};
	objectVersion = 46;
	objects = {

/* Begin PBXBuildFile section */
		C59DD4801904266D001658D0 /* Foundation.framework in Frameworks */ = {isa = PBXBuildFile; fileRef = C59DD47F1904266D001658D0 /* Foundation.framework */; };
		C59DD4821904266D001658D0 /* CoreGraphics.framework in Frameworks */ = {isa = PBXBuildFile; fileRef = C59DD4811904266D001658D0 /* CoreGraphics.framework */; };
		C59DD4841904266D001658D0 /* UIKit.framework in Frameworks */ = {isa = PBXBuildFile; fileRef = C59DD4831904266D001658D0 /* UIKit.framework */; };
		C59DD48A1904266D001658D0 /* InfoPlist.strings in Resources */ = {isa = PBXBuildFile; fileRef = C59DD4881904266D001658D0 /* InfoPlist.strings */; };
		C59DD48C1904266D001658D0 /* main.m in Sources */ = {isa = PBXBuildFile; fileRef = C59DD48B1904266D001658D0 /* main.m */; };
		C59DD4901904266D001658D0 /* AppDelegate.m in Sources */ = {isa = PBXBuildFile; fileRef = C59DD48F1904266D001658D0 /* AppDelegate.m */; };
		C59DD4921904266D001658D0 /* Images.xcassets in Resources */ = {isa = PBXBuildFile; fileRef = C59DD4911904266D001658D0 /* Images.xcassets */; };
		C59DD4991904266D001658D0 /* XCTest.framework in Frameworks */ = {isa = PBXBuildFile; fileRef = C59DD4981904266D001658D0 /* XCTest.framework */; };
		C59DD49A1904266D001658D0 /* Foundation.framework in Frameworks */ = {isa = PBXBuildFile; fileRef = C59DD47F1904266D001658D0 /* Foundation.framework */; };
		C59DD49B1904266D001658D0 /* UIKit.framework in Frameworks */ = {isa = PBXBuildFile; fileRef = C59DD4831904266D001658D0 /* UIKit.framework */; };
		C59DD4A31904266D001658D0 /* InfoPlist.strings in Resources */ = {isa = PBXBuildFile; fileRef = C59DD4A11904266D001658D0 /* InfoPlist.strings */; };
		C59DD4A51904266D001658D0 /* DomicsTests.m in Sources */ = {isa = PBXBuildFile; fileRef = C59DD4A41904266D001658D0 /* DomicsTests.m */; };
		C59DD4AF19042A9C001658D0 /* Main.storyboard in Resources */ = {isa = PBXBuildFile; fileRef = C59DD4AE19042A9B001658D0 /* Main.storyboard */; };
/* End PBXBuildFile section */

/* Begin PBXContainerItemProxy section */
		C59DD49C1904266D001658D0 /* PBXContainerItemProxy */ = {
			isa = PBXContainerItemProxy;
			containerPortal = C59DD4741904266D001658D0 /* Project object */;
			proxyType = 1;
			remoteGlobalIDString = C59DD47B1904266D001658D0;
			remoteInfo = Domics;
		};
/* End PBXContainerItemProxy section */

/* Begin PBXFileReference section */
		C59DD47C1904266D001658D0 /* Domics.app */ = {isa = PBXFileReference; explicitFileType = wrapper.application; includeInIndex = 0; path = Domics.app; sourceTree = BUILT_PRODUCTS_DIR; };
		C59DD47F1904266D001658D0 /* Foundation.framework */ = {isa = PBXFileReference; lastKnownFileType = wrapper.framework; name = Foundation.framework; path = System/Library/Frameworks/Foundation.framework; sourceTree = SDKROOT; };
		C59DD4811904266D001658D0 /* CoreGraphics.framework */ = {isa = PBXFileReference; lastKnownFileType = wrapper.framework; name = CoreGraphics.framework; path = System/Library/Frameworks/CoreGraphics.framework; sourceTree = SDKROOT; };
		C59DD4831904266D001658D0 /* UIKit.framework */ = {isa = PBXFileReference; lastKnownFileType = wrapper.framework; name = UIKit.framework; path = System/Library/Frameworks/UIKit.framework; sourceTree = SDKROOT; };
		C59DD4871904266D001658D0 /* Domics-Info.plist */ = {isa = PBXFileReference; lastKnownFileType = text.plist.xml; path = "Domics-Info.plist"; sourceTree = "<group>"; };
		C59DD4891904266D001658D0 /* en */ = {isa = PBXFileReference; lastKnownFileType = text.plist.strings; name = en; path = en.lproj/InfoPlist.strings; sourceTree = "<group>"; };
		C59DD48B1904266D001658D0 /* main.m */ = {isa = PBXFileReference; lastKnownFileType = sourcecode.c.objc; path = main.m; sourceTree = "<group>"; };
		C59DD48D1904266D001658D0 /* Domics-Prefix.pch */ = {isa = PBXFileReference; lastKnownFileType = sourcecode.c.h; path = "Domics-Prefix.pch"; sourceTree = "<group>"; };
		C59DD48E1904266D001658D0 /* AppDelegate.h */ = {isa = PBXFileReference; lastKnownFileType = sourcecode.c.h; path = AppDelegate.h; sourceTree = "<group>"; };
		C59DD48F1904266D001658D0 /* AppDelegate.m */ = {isa = PBXFileReference; lastKnownFileType = sourcecode.c.objc; path = AppDelegate.m; sourceTree = "<group>"; };
		C59DD4911904266D001658D0 /* Images.xcassets */ = {isa = PBXFileReference; lastKnownFileType = folder.assetcatalog; path = Images.xcassets; sourceTree = "<group>"; };
		C59DD4971904266D001658D0 /* DomicsTests.xctest */ = {isa = PBXFileReference; explicitFileType = wrapper.cfbundle; includeInIndex = 0; path = DomicsTests.xctest; sourceTree = BUILT_PRODUCTS_DIR; };
		C59DD4981904266D001658D0 /* XCTest.framework */ = {isa = PBXFileReference; lastKnownFileType = wrapper.framework; name = XCTest.framework; path = Library/Frameworks/XCTest.framework; sourceTree = DEVELOPER_DIR; };
		C59DD4A01904266D001658D0 /* DomicsTests-Info.plist */ = {isa = PBXFileReference; lastKnownFileType = text.plist.xml; path = "DomicsTests-Info.plist"; sourceTree = "<group>"; };
		C59DD4A21904266D001658D0 /* en */ = {isa = PBXFileReference; lastKnownFileType = text.plist.strings; name = en; path = en.lproj/InfoPlist.strings; sourceTree = "<group>"; };
		C59DD4A41904266D001658D0 /* DomicsTests.m */ = {isa = PBXFileReference; lastKnownFileType = sourcecode.c.objc; path = DomicsTests.m; sourceTree = "<group>"; };
		C59DD4AE19042A9B001658D0 /* Main.storyboard */ = {isa = PBXFileReference; fileEncoding = 4; lastKnownFileType = file.storyboard; path = Main.storyboard; sourceTree = "<group>"; };
/* End PBXFileReference section */

/* Begin PBXFrameworksBuildPhase section */
		C59DD4791904266D001658D0 /* Frameworks */ = {
			isa = PBXFrameworksBuildPhase;
			buildActionMask = 2147483647;
			files = (
				C59DD4821904266D001658D0 /* CoreGraphics.framework in Frameworks */,
				C59DD4841904266D001658D0 /* UIKit.framework in Frameworks */,
				C59DD4801904266D001658D0 /* Foundation.framework in Frameworks */,
			);
			runOnlyForDeploymentPostprocessing = 0;
		};
		C59DD4941904266D001658D0 /* Frameworks */ = {
			isa = PBXFrameworksBuildPhase;
			buildActionMask = 2147483647;
			files = (
				C59DD4991904266D001658D0 /* XCTest.framework in Frameworks */,
				C59DD49B1904266D001658D0 /* UIKit.framework in Frameworks */,
				C59DD49A1904266D001658D0 /* Foundation.framework in Frameworks */,
			);
			runOnlyForDeploymentPostprocessing = 0;
		};
/* End PBXFrameworksBuildPhase section */

/* Begin PBXGroup section */
		C59DD4731904266D001658D0 = {
			isa = PBXGroup;
			children = (
				C59DD4851904266D001658D0 /* Domics */,
				C59DD49E1904266D001658D0 /* DomicsTests */,
				C59DD47E1904266D001658D0 /* Frameworks */,
				C59DD47D1904266D001658D0 /* Products */,
			);
			sourceTree = "<group>";
		};
		C59DD47D1904266D001658D0 /* Products */ = {
			isa = PBXGroup;
			children = (
				C59DD47C1904266D001658D0 /* Domics.app */,
				C59DD4971904266D001658D0 /* DomicsTests.xctest */,
			);
			name = Products;
			sourceTree = "<group>";
		};
		C59DD47E1904266D001658D0 /* Frameworks */ = {
			isa = PBXGroup;
			children = (
				C59DD47F1904266D001658D0 /* Foundation.framework */,
				C59DD4811904266D001658D0 /* CoreGraphics.framework */,
				C59DD4831904266D001658D0 /* UIKit.framework */,
				C59DD4981904266D001658D0 /* XCTest.framework */,
			);
			name = Frameworks;
			sourceTree = "<group>";
		};
		C59DD4851904266D001658D0 /* Domics */ = {
			isa = PBXGroup;
			children = (
				C59DD48E1904266D001658D0 /* AppDelegate.h */,
				C59DD48F1904266D001658D0 /* AppDelegate.m */,
				C59DD4AE19042A9B001658D0 /* Main.storyboard */,
				C59DD4911904266D001658D0 /* Images.xcassets */,
				C59DD4861904266D001658D0 /* Supporting Files */,
			);
			path = Domics;
			sourceTree = "<group>";
		};
		C59DD4861904266D001658D0 /* Supporting Files */ = {
			isa = PBXGroup;
			children = (
				C59DD4871904266D001658D0 /* Domics-Info.plist */,
				C59DD4881904266D001658D0 /* InfoPlist.strings */,
				C59DD48B1904266D001658D0 /* main.m */,
				C59DD48D1904266D001658D0 /* Domics-Prefix.pch */,
			);
			name = "Supporting Files";
			sourceTree = "<group>";
		};
		C59DD49E1904266D001658D0 /* DomicsTests */ = {
			isa = PBXGroup;
			children = (
				C59DD4A41904266D001658D0 /* DomicsTests.m */,
				C59DD49F1904266D001658D0 /* Supporting Files */,
			);
			path = DomicsTests;
			sourceTree = "<group>";
		};
		C59DD49F1904266D001658D0 /* Supporting Files */ = {
			isa = PBXGroup;
			children = (
				C59DD4A01904266D001658D0 /* DomicsTests-Info.plist */,
				C59DD4A11904266D001658D0 /* InfoPlist.strings */,
			);
			name = "Supporting Files";
			sourceTree = "<group>";
		};
/* End PBXGroup section */

/* Begin PBXNativeTarget section */
		C59DD47B1904266D001658D0 /* Domics */ = {
			isa = PBXNativeTarget;
			buildConfigurationList = C59DD4A81904266D001658D0 /* Build configuration list for PBXNativeTarget "Domics" */;
			buildPhases = (
				C59DD4781904266D001658D0 /* Sources */,
				C59DD4791904266D001658D0 /* Frameworks */,
				C59DD47A1904266D001658D0 /* Resources */,
			);
			buildRules = (
			);
			dependencies = (
			);
			name = Domics;
			productName = Domics;
			productReference = C59DD47C1904266D001658D0 /* Domics.app */;
			productType = "com.apple.product-type.application";
		};
		C59DD4961904266D001658D0 /* DomicsTests */ = {
			isa = PBXNativeTarget;
			buildConfigurationList = C59DD4AB1904266D001658D0 /* Build configuration list for PBXNativeTarget "DomicsTests" */;
			buildPhases = (
				C59DD4931904266D001658D0 /* Sources */,
				C59DD4941904266D001658D0 /* Frameworks */,
				C59DD4951904266D001658D0 /* Resources */,
			);
			buildRules = (
			);
			dependencies = (
				C59DD49D1904266D001658D0 /* PBXTargetDependency */,
			);
			name = DomicsTests;
			productName = DomicsTests;
			productReference = C59DD4971904266D001658D0 /* DomicsTests.xctest */;
			productType = "com.apple.product-type.bundle.unit-test";
		};
/* End PBXNativeTarget section */

/* Begin PBXProject section */
		C59DD4741904266D001658D0 /* Project object */ = {
			isa = PBXProject;
			attributes = {
				LastUpgradeCheck = 0510;
				TargetAttributes = {
					C59DD4961904266D001658D0 = {
						TestTargetID = C59DD47B1904266D001658D0;
					};
				};
			};
			buildConfigurationList = C59DD4771904266D001658D0 /* Build configuration list for PBXProject "Domics" */;
			compatibilityVersion = "Xcode 3.2";
			developmentRegion = English;
			hasScannedForEncodings = 0;
			knownRegions = (
				en,
			);
			mainGroup = C59DD4731904266D001658D0;
			productRefGroup = C59DD47D1904266D001658D0 /* Products */;
			projectDirPath = "";
			projectRoot = "";
			targets = (
				C59DD47B1904266D001658D0 /* Domics */,
				C59DD4961904266D001658D0 /* DomicsTests */,
			);
		};
/* End PBXProject section */

/* Begin PBXResourcesBuildPhase section */
		C59DD47A1904266D001658D0 /* Resources */ = {
			isa = PBXResourcesBuildPhase;
			buildActionMask = 2147483647;
			files = (
				C59DD4AF19042A9C001658D0 /* Main.storyboard in Resources */,
				C59DD48A1904266D001658D0 /* InfoPlist.strings in Resources */,
				C59DD4921904266D001658D0 /* Images.xcassets in Resources */,
			);
			runOnlyForDeploymentPostprocessing = 0;
		};
		C59DD4951904266D001658D0 /* Resources */ = {
			isa = PBXResourcesBuildPhase;
			buildActionMask = 2147483647;
			files = (
				C59DD4A31904266D001658D0 /* InfoPlist.strings in Resources */,
			);
			runOnlyForDeploymentPostprocessing = 0;
		};
/* End PBXResourcesBuildPhase section */

/* Begin PBXSourcesBuildPhase section */
		C59DD4781904266D001658D0 /* Sources */ = {
			isa = PBXSourcesBuildPhase;
			buildActionMask = 2147483647;
			files = (
				C59DD4901904266D001658D0 /* AppDelegate.m in Sources */,
				C59DD48C1904266D001658D0 /* main.m in Sources */,
			);
			runOnlyForDeploymentPostprocessing = 0;
		};
		C59DD4931904266D001658D0 /* Sources */ = {
			isa = PBXSourcesBuildPhase;
			buildActionMask = 2147483647;
			files = (
				C59DD4A51904266D001658D0 /* DomicsTests.m in Sources */,
			);
			runOnlyForDeploymentPostprocessing = 0;
		};
/* End PBXSourcesBuildPhase section */

/* Begin PBXTargetDependency section */
		C59DD49D1904266D001658D0 /* PBXTargetDependency */ = {
			isa = PBXTargetDependency;
			target = C59DD47B1904266D001658D0 /* Domics */;
			targetProxy = C59DD49C1904266D001658D0 /* PBXContainerItemProxy */;
		};
/* End PBXTargetDependency section */

/* Begin PBXVariantGroup section */
		C59DD4881904266D001658D0 /* InfoPlist.strings */ = {
			isa = PBXVariantGroup;
			children = (
				C59DD4891904266D001658D0 /* en */,
			);
			name = InfoPlist.strings;
			sourceTree = "<group>";
		};
		C59DD4A11904266D001658D0 /* InfoPlist.strings */ = {
			isa = PBXVariantGroup;
			children = (
				C59DD4A21904266D001658D0 /* en */,
			);
			name = InfoPlist.strings;
			sourceTree = "<group>";
		};
/* End PBXVariantGroup section */

/* Begin XCBuildConfiguration section */
		C59DD4A61904266D001658D0 /* Debug */ = {
			isa = XCBuildConfiguration;
			buildSettings = {
				ALWAYS_SEARCH_USER_PATHS = NO;
				CLANG_CXX_LANGUAGE_STANDARD = "gnu++0x";
				CLANG_CXX_LIBRARY = "libc++";
				CLANG_ENABLE_MODULES = YES;
				CLANG_ENABLE_OBJC_ARC = YES;
				CLANG_WARN_BOOL_CONVERSION = YES;
				CLANG_WARN_CONSTANT_CONVERSION = YES;
				CLANG_WARN_DIRECT_OBJC_ISA_USAGE = YES_ERROR;
				CLANG_WARN_EMPTY_BODY = YES;
				CLANG_WARN_ENUM_CONVERSION = YES;
				CLANG_WARN_INT_CONVERSION = YES;
				CLANG_WARN_OBJC_ROOT_CLASS = YES_ERROR;
				CLANG_WARN__DUPLICATE_METHOD_MATCH = YES;
				"CODE_SIGN_IDENTITY[sdk=iphoneos*]" = "iPhone Developer";
				COPY_PHASE_STRIP = NO;
				GCC_C_LANGUAGE_STANDARD = gnu99;
				GCC_DYNAMIC_NO_PIC = NO;
				GCC_OPTIMIZATION_LEVEL = 0;
				GCC_PREPROCESSOR_DEFINITIONS = (
					"DEBUG=1",
					"$(inherited)",
				);
				GCC_SYMBOLS_PRIVATE_EXTERN = NO;
				GCC_WARN_64_TO_32_BIT_CONVERSION = YES;
				GCC_WARN_ABOUT_RETURN_TYPE = YES_ERROR;
				GCC_WARN_UNDECLARED_SELECTOR = YES;
				GCC_WARN_UNINITIALIZED_AUTOS = YES_AGGRESSIVE;
				GCC_WARN_UNUSED_FUNCTION = YES;
				GCC_WARN_UNUSED_VARIABLE = YES;
				IPHONEOS_DEPLOYMENT_TARGET = 7.1;
				ONLY_ACTIVE_ARCH = YES;
				SDKROOT = iphoneos;
				TARGETED_DEVICE_FAMILY = "1,2";
			};
			name = Debug;
		};
		C59DD4A71904266D001658D0 /* Release */ = {
			isa = XCBuildConfiguration;
			buildSettings = {
				ALWAYS_SEARCH_USER_PATHS = NO;
				CLANG_CXX_LANGUAGE_STANDARD = "gnu++0x";
				CLANG_CXX_LIBRARY = "libc++";
				CLANG_ENABLE_MODULES = YES;
				CLANG_ENABLE_OBJC_ARC = YES;
				CLANG_WARN_BOOL_CONVERSION = YES;
				CLANG_WARN_CONSTANT_CONVERSION = YES;
				CLANG_WARN_DIRECT_OBJC_ISA_USAGE = YES_ERROR;
				CLANG_WARN_EMPTY_BODY = YES;
				CLANG_WARN_ENUM_CONVERSION = YES;
				CLANG_WARN_INT_CONVERSION = YES;
				CLANG_WARN_OBJC_ROOT_CLASS = YES_ERROR;
				CLANG_WARN__DUPLICATE_METHOD_MATCH = YES;
				"CODE_SIGN_IDENTITY[sdk=iphoneos*]" = "iPhone Developer";
				COPY_PHASE_STRIP = YES;
				ENABLE_NS_ASSERTIONS = NO;
				GCC_C_LANGUAGE_STANDARD = gnu99;
				GCC_WARN_64_TO_32_BIT_CONVERSION = YES;
				GCC_WARN_ABOUT_RETURN_TYPE = YES_ERROR;
				GCC_WARN_UNDECLARED_SELECTOR = YES;
				GCC_WARN_UNINITIALIZED_AUTOS = YES_AGGRESSIVE;
				GCC_WARN_UNUSED_FUNCTION = YES;
				GCC_WARN_UNUSED_VARIABLE = YES;
				IPHONEOS_DEPLOYMENT_TARGET = 7.1;
				SDKROOT = iphoneos;
				TARGETED_DEVICE_FAMILY = "1,2";
				VALIDATE_PRODUCT = YES;
			};
			name = Release;
		};
		C59DD4A91904266D001658D0 /* Debug */ = {
			isa = XCBuildConfiguration;
			buildSettings = {
				ASSETCATALOG_COMPILER_APPICON_NAME = AppIcon;
				ASSETCATALOG_COMPILER_LAUNCHIMAGE_NAME = LaunchImage;
				GCC_PRECOMPILE_PREFIX_HEADER = YES;
				GCC_PREFIX_HEADER = "Domics/Domics-Prefix.pch";
				INFOPLIST_FILE = "Domics/Domics-Info.plist";
				PRODUCT_NAME = "$(TARGET_NAME)";
				WRAPPER_EXTENSION = app;
			};
			name = Debug;
		};
		C59DD4AA1904266D001658D0 /* Release */ = {
			isa = XCBuildConfiguration;
			buildSettings = {
				ASSETCATALOG_COMPILER_APPICON_NAME = AppIcon;
				ASSETCATALOG_COMPILER_LAUNCHIMAGE_NAME = LaunchImage;
				GCC_PRECOMPILE_PREFIX_HEADER = YES;
				GCC_PREFIX_HEADER = "Domics/Domics-Prefix.pch";
				INFOPLIST_FILE = "Domics/Domics-Info.plist";
				PRODUCT_NAME = "$(TARGET_NAME)";
				WRAPPER_EXTENSION = app;
			};
			name = Release;
		};
		C59DD4AC1904266D001658D0 /* Debug */ = {
			isa = XCBuildConfiguration;
			buildSettings = {
				BUNDLE_LOADER = "$(BUILT_PRODUCTS_DIR)/Domics.app/Domics";
				FRAMEWORK_SEARCH_PATHS = (
					"$(SDKROOT)/Developer/Library/Frameworks",
					"$(inherited)",
					"$(DEVELOPER_FRAMEWORKS_DIR)",
				);
				GCC_PRECOMPILE_PREFIX_HEADER = YES;
				GCC_PREFIX_HEADER = "Domics/Domics-Prefix.pch";
				GCC_PREPROCESSOR_DEFINITIONS = (
					"DEBUG=1",
					"$(inherited)",
				);
				INFOPLIST_FILE = "DomicsTests/DomicsTests-Info.plist";
				PRODUCT_NAME = "$(TARGET_NAME)";
				TEST_HOST = "$(BUNDLE_LOADER)";
				WRAPPER_EXTENSION = xctest;
			};
			name = Debug;
		};
		C59DD4AD1904266D001658D0 /* Release */ = {
			isa = XCBuildConfiguration;
			buildSettings = {
				BUNDLE_LOADER = "$(BUILT_PRODUCTS_DIR)/Domics.app/Domics";
				FRAMEWORK_SEARCH_PATHS = (
					"$(SDKROOT)/Developer/Library/Frameworks",
					"$(inherited)",
					"$(DEVELOPER_FRAMEWORKS_DIR)",
				);
				GCC_PRECOMPILE_PREFIX_HEADER = YES;
				GCC_PREFIX_HEADER = "Domics/Domics-Prefix.pch";
				INFOPLIST_FILE = "DomicsTests/DomicsTests-Info.plist";
				PRODUCT_NAME = "$(TARGET_NAME)";
				TEST_HOST = "$(BUNDLE_LOADER)";
				WRAPPER_EXTENSION = xctest;
			};
			name = Release;
		};
/* End XCBuildConfiguration section */

/* Begin XCConfigurationList section */
		C59DD4771904266D001658D0 /* Build configuration list for PBXProject "Domics" */ = {
			isa = XCConfigurationList;
			buildConfigurations = (
				C59DD4A61904266D001658D0 /* Debug */,
				C59DD4A71904266D001658D0 /* Release */,
			);
			defaultConfigurationIsVisible = 0;
			defaultConfigurationName = Release;
		};
		C59DD4A81904266D001658D0 /* Build configuration list for PBXNativeTarget "Domics" */ = {
			isa = XCConfigurationList;
			buildConfigurations = (
				C59DD4A91904266D001658D0 /* Debug */,
				C59DD4AA1904266D001658D0 /* Release */,
			);
			defaultConfigurationIsVisible = 0;
			defaultConfigurationName = Release;
		};
		C59DD4AB1904266D001658D0 /* Build configuration list for PBXNativeTarget "DomicsTests" */ = {
			isa = XCConfigurationList;
			buildConfigurations = (
				C59DD4AC1904266D001658D0 /* Debug */,
				C59DD4AD1904266D001658D0 /* Release */,
			);
			defaultConfigurationIsVisible = 0;
			defaultConfigurationName = Release;
		};
/* End XCConfigurationList section */
	};
	rootObject = C59DD4741904266D001658D0 /* Project object */;
}
